
Microsoft Visual Studio Solution File, Format Version 12.00
# Visual Studio Version 16
VisualStudioVersion = 16.0.29411.108
MinimumVisualStudioVersion = 10.0.40219.1
Project("{9A19103F-16F7-4668-BE54-9A1E7A4F7556}") = "Loust", "Loust.csproj", "{30DBBACD-256A-4C34-B8DA-31649BF793B2}"
EndProject
Project("{9A19103F-16F7-4668-BE54-9A1E7A4F7556}") = "Loust.Test", "Test\Loust.Test.csproj", "{AEF3ED38-FBC5-4D56-980F-0691539ACC07}"
EndProject
Global
	GlobalSection(SolutionConfigurationPlatforms) = preSolution
		Debug|Any CPU = Debug|Any CPU
		Release|Any CPU = Release|Any CPU
	EndGlobalSection
	GlobalSection(ProjectConfigurationPlatforms) = postSolution
		{30DBBACD-256A-4C34-B8DA-31649BF793B2}.Debug|Any CPU.ActiveCfg = Debug|Any CPU
		{30DBBACD-256A-4C34-B8DA-31649BF793B2}.Debug|Any CPU.Build.0 = Debug|Any CPU
		{30DBBACD-256A-4C34-B8DA-31649BF793B2}.Release|Any CPU.ActiveCfg = Release|Any CPU
		{30DBBACD-256A-4C34-B8DA-31649BF793B2}.Release|Any CPU.Build.0 = Release|Any CPU
		{AEF3ED38-FBC5-4D56-980F-0691539ACC07}.Debug|Any CPU.ActiveCfg = Debug|Any CPU
		{AEF3ED38-FBC5-4D56-980F-0691539ACC07}.Debug|Any CPU.Build.0 = Debug|Any CPU
		{AEF3ED38-FBC5-4D56-980F-0691539ACC07}.Release|Any CPU.ActiveCfg = Release|Any CPU
		{AEF3ED38-FBC5-4D56-980F-0691539ACC07}.Release|Any CPU.Build.0 = Release|Any CPU
	EndGlobalSection
	GlobalSection(SolutionProperties) = preSolution
		HideSolutionNode = FALSE
	EndGlobalSection
	GlobalSection(ExtensibilityGlobals) = postSolution
		SolutionGuid = {FA1656C5-9679-4C3C-8392-CD2124D0C4DD}
	EndGlobalSection
EndGlobal
